
Microsoft Visual Studio Solution File, Format Version 12.00
# Visual Studio Version 17
VisualStudioVersion = 17.0.31903.59
MinimumVisualStudioVersion = 10.0.40219.1
Project("{FAE04EC0-301F-11D3-BF4B-00C04F79EFBC}") = "CRM.Enterprise.Api", "CRM.Enterprise.Api\CRM.Enterprise.Api.csproj", "{5311BE40-5EBA-44D4-A158-9A5EE16F7948}"
EndProject
Project("{FAE04EC0-301F-11D3-BF4B-00C04F79EFBC}") = "CRM.Enterprise.Domain", "CRM.Enterprise.Domain\CRM.Enterprise.Domain.csproj", "{F953CE41-919B-4C50-AEC5-64620DA2E7B9}"
EndProject
Project("{FAE04EC0-301F-11D3-BF4B-00C04F79EFBC}") = "CRM.Enterprise.Application", "CRM.Enterprise.Application\CRM.Enterprise.Application.csproj", "{AB616E93-3C80-4491-81C8-D33B7B1D8E87}"
EndProject
Project("{FAE04EC0-301F-11D3-BF4B-00C04F79EFBC}") = "CRM.Enterprise.Infrastructure", "CRM.Enterprise.Infrastructure\CRM.Enterprise.Infrastructure.csproj", "{AF2353FB-5DBB-427A-BF8F-34CA598DF93F}"
EndProject
Global
	GlobalSection(SolutionConfigurationPlatforms) = preSolution
		Debug|Any CPU = Debug|Any CPU
		Debug|x64 = Debug|x64
		Debug|x86 = Debug|x86
		Release|Any CPU = Release|Any CPU
		Release|x64 = Release|x64
		Release|x86 = Release|x86
	EndGlobalSection
	GlobalSection(ProjectConfigurationPlatforms) = postSolution
		{5311BE40-5EBA-44D4-A158-9A5EE16F7948}.Debug|Any CPU.ActiveCfg = Debug|Any CPU
		{5311BE40-5EBA-44D4-A158-9A5EE16F7948}.Debug|Any CPU.Build.0 = Debug|Any CPU
		{5311BE40-5EBA-44D4-A158-9A5EE16F7948}.Debug|x64.ActiveCfg = Debug|Any CPU
		{5311BE40-5EBA-44D4-A158-9A5EE16F7948}.Debug|x64.Build.0 = Debug|Any CPU
		{5311BE40-5EBA-44D4-A158-9A5EE16F7948}.Debug|x86.ActiveCfg = Debug|Any CPU
		{5311BE40-5EBA-44D4-A158-9A5EE16F7948}.Debug|x86.Build.0 = Debug|Any CPU
		{5311BE40-5EBA-44D4-A158-9A5EE16F7948}.Release|Any CPU.ActiveCfg = Release|Any CPU
		{5311BE40-5EBA-44D4-A158-9A5EE16F7948}.Release|Any CPU.Build.0 = Release|Any CPU
		{5311BE40-5EBA-44D4-A158-9A5EE16F7948}.Release|x64.ActiveCfg = Release|Any CPU
		{5311BE40-5EBA-44D4-A158-9A5EE16F7948}.Release|x64.Build.0 = Release|Any CPU
		{5311BE40-5EBA-44D4-A158-9A5EE16F7948}.Release|x86.ActiveCfg = Release|Any CPU
		{5311BE40-5EBA-44D4-A158-9A5EE16F7948}.Release|x86.Build.0 = Release|Any CPU
		{F953CE41-919B-4C50-AEC5-64620DA2E7B9}.Debug|Any CPU.ActiveCfg = Debug|Any CPU
		{F953CE41-919B-4C50-AEC5-64620DA2E7B9}.Debug|Any CPU.Build.0 = Debug|Any CPU
		{F953CE41-919B-4C50-AEC5-64620DA2E7B9}.Debug|x64.ActiveCfg = Debug|Any CPU
		{F953CE41-919B-4C50-AEC5-64620DA2E7B9}.Debug|x64.Build.0 = Debug|Any CPU
		{F953CE41-919B-4C50-AEC5-64620DA2E7B9}.Debug|x86.ActiveCfg = Debug|Any CPU
		{F953CE41-919B-4C50-AEC5-64620DA2E7B9}.Debug|x86.Build.0 = Debug|Any CPU
		{F953CE41-919B-4C50-AEC5-64620DA2E7B9}.Release|Any CPU.ActiveCfg = Release|Any CPU
		{F953CE41-919B-4C50-AEC5-64620DA2E7B9}.Release|Any CPU.Build.0 = Release|Any CPU
		{F953CE41-919B-4C50-AEC5-64620DA2E7B9}.Release|x64.ActiveCfg = Release|Any CPU
		{F953CE41-919B-4C50-AEC5-64620DA2E7B9}.Release|x64.Build.0 = Release|Any CPU
		{F953CE41-919B-4C50-AEC5-64620DA2E7B9}.Release|x86.ActiveCfg = Release|Any CPU
		{F953CE41-919B-4C50-AEC5-64620DA2E7B9}.Release|x86.Build.0 = Release|Any CPU
		{AB616E93-3C80-4491-81C8-D33B7B1D8E87}.Debug|Any CPU.ActiveCfg = Debug|Any CPU
		{AB616E93-3C80-4491-81C8-D33B7B1D8E87}.Debug|Any CPU.Build.0 = Debug|Any CPU
		{AB616E93-3C80-4491-81C8-D33B7B1D8E87}.Debug|x64.ActiveCfg = Debug|Any CPU
		{AB616E93-3C80-4491-81C8-D33B7B1D8E87}.Debug|x64.Build.0 = Debug|Any CPU
		{AB616E93-3C80-4491-81C8-D33B7B1D8E87}.Debug|x86.ActiveCfg = Debug|Any CPU
		{AB616E93-3C80-4491-81C8-D33B7B1D8E87}.Debug|x86.Build.0 = Debug|Any CPU
		{AB616E93-3C80-4491-81C8-D33B7B1D8E87}.Release|Any CPU.ActiveCfg = Release|Any CPU
		{AB616E93-3C80-4491-81C8-D33B7B1D8E87}.Release|Any CPU.Build.0 = Release|Any CPU
		{AB616E93-3C80-4491-81C8-D33B7B1D8E87}.Release|x64.ActiveCfg = Release|Any CPU
		{AB616E93-3C80-4491-81C8-D33B7B1D8E87}.Release|x64.Build.0 = Release|Any CPU
		{AB616E93-3C80-4491-81C8-D33B7B1D8E87}.Release|x86.ActiveCfg = Release|Any CPU
		{AB616E93-3C80-4491-81C8-D33B7B1D8E87}.Release|x86.Build.0 = Release|Any CPU
		{AF2353FB-5DBB-427A-BF8F-34CA598DF93F}.Debug|Any CPU.ActiveCfg = Debug|Any CPU
		{AF2353FB-5DBB-427A-BF8F-34CA598DF93F}.Debug|Any CPU.Build.0 = Debug|Any CPU
		{AF2353FB-5DBB-427A-BF8F-34CA598DF93F}.Debug|x64.ActiveCfg = Debug|Any CPU
		{AF2353FB-5DBB-427A-BF8F-34CA598DF93F}.Debug|x64.Build.0 = Debug|Any CPU
		{AF2353FB-5DBB-427A-BF8F-34CA598DF93F}.Debug|x86.ActiveCfg = Debug|Any CPU
		{AF2353FB-5DBB-427A-BF8F-34CA598DF93F}.Debug|x86.Build.0 = Debug|Any CPU
		{AF2353FB-5DBB-427A-BF8F-34CA598DF93F}.Release|Any CPU.ActiveCfg = Release|Any CPU
		{AF2353FB-5DBB-427A-BF8F-34CA598DF93F}.Release|Any CPU.Build.0 = Release|Any CPU
		{AF2353FB-5DBB-427A-BF8F-34CA598DF93F}.Release|x64.ActiveCfg = Release|Any CPU
		{AF2353FB-5DBB-427A-BF8F-34CA598DF93F}.Release|x64.Build.0 = Release|Any CPU
		{AF2353FB-5DBB-427A-BF8F-34CA598DF93F}.Release|x86.ActiveCfg = Release|Any CPU
		{AF2353FB-5DBB-427A-BF8F-34CA598DF93F}.Release|x86.Build.0 = Release|Any CPU
	EndGlobalSection
	GlobalSection(SolutionProperties) = preSolution
		HideSolutionNode = FALSE
	EndGlobalSection
EndGlobal
